
Microsoft Visual Studio Solution File, Format Version 12.00
# Visual Studio Version 17
VisualStudioVersion = 17.0.31912.275
MinimumVisualStudioVersion = 10.0.40219.1
Project("{9A19103F-16F7-4668-BE54-9A1E7A4F7556}") = "Datagrams.NET.Tests", "source\Datagrams.NET.Tests\Datagrams.NET.Tests.csproj", "{E56A144D-7100-4014-B8B8-C9107480F8C0}"
EndProject
Project("{9A19103F-16F7-4668-BE54-9A1E7A4F7556}") = "Datagrams.NET", "source\Datagrams.NET\Datagrams.NET.csproj", "{09ADF553-B54F-401D-85F8-16B79D706675}"
EndProject
Project("{2150E333-8FDC-42A3-9474-1A3956D46DE8}") = "Datagrams.NET.Examples", "source\Datagrams.NET.Examples", "{7DA152BD-95D5-4B3A-90B5-D0930C564172}"
EndProject
Project("{9A19103F-16F7-4668-BE54-9A1E7A4F7556}") = "Datagrams.NET.Examples.Clients", "source\Datagrams.NET.Examples.Client\Datagrams.NET.Examples.Clients.csproj", "{845B318A-A3C8-46A9-A0B8-1734EFC46469}"
EndProject
Project("{9A19103F-16F7-4668-BE54-9A1E7A4F7556}") = "Datagrams.NET.Examples.Server", "source\Datagrams.NET.Examples.Server\Datagrams.NET.Examples.Server.csproj", "{0FC51749-F77A-4FF9-B88A-0A2E6B1B2F68}"
EndProject
Global
	GlobalSection(SolutionConfigurationPlatforms) = preSolution
		Debug|Any CPU = Debug|Any CPU
		Release|Any CPU = Release|Any CPU
	EndGlobalSection
	GlobalSection(ProjectConfigurationPlatforms) = postSolution
		{E56A144D-7100-4014-B8B8-C9107480F8C0}.Debug|Any CPU.ActiveCfg = Debug|Any CPU
		{E56A144D-7100-4014-B8B8-C9107480F8C0}.Debug|Any CPU.Build.0 = Debug|Any CPU
		{E56A144D-7100-4014-B8B8-C9107480F8C0}.Release|Any CPU.ActiveCfg = Release|Any CPU
		{E56A144D-7100-4014-B8B8-C9107480F8C0}.Release|Any CPU.Build.0 = Release|Any CPU
		{09ADF553-B54F-401D-85F8-16B79D706675}.Debug|Any CPU.ActiveCfg = Debug|Any CPU
		{09ADF553-B54F-401D-85F8-16B79D706675}.Debug|Any CPU.Build.0 = Debug|Any CPU
		{09ADF553-B54F-401D-85F8-16B79D706675}.Release|Any CPU.ActiveCfg = Release|Any CPU
		{09ADF553-B54F-401D-85F8-16B79D706675}.Release|Any CPU.Build.0 = Release|Any CPU
		{845B318A-A3C8-46A9-A0B8-1734EFC46469}.Debug|Any CPU.ActiveCfg = Debug|Any CPU
		{845B318A-A3C8-46A9-A0B8-1734EFC46469}.Debug|Any CPU.Build.0 = Debug|Any CPU
		{845B318A-A3C8-46A9-A0B8-1734EFC46469}.Release|Any CPU.ActiveCfg = Release|Any CPU
		{845B318A-A3C8-46A9-A0B8-1734EFC46469}.Release|Any CPU.Build.0 = Release|Any CPU
		{0FC51749-F77A-4FF9-B88A-0A2E6B1B2F68}.Debug|Any CPU.ActiveCfg = Debug|Any CPU
		{0FC51749-F77A-4FF9-B88A-0A2E6B1B2F68}.Debug|Any CPU.Build.0 = Debug|Any CPU
		{0FC51749-F77A-4FF9-B88A-0A2E6B1B2F68}.Release|Any CPU.ActiveCfg = Release|Any CPU
		{0FC51749-F77A-4FF9-B88A-0A2E6B1B2F68}.Release|Any CPU.Build.0 = Release|Any CPU
	EndGlobalSection
	GlobalSection(SolutionProperties) = preSolution
		HideSolutionNode = FALSE
	EndGlobalSection
	GlobalSection(NestedProjects) = preSolution
		{845B318A-A3C8-46A9-A0B8-1734EFC46469} = {7DA152BD-95D5-4B3A-90B5-D0930C564172}
		{0FC51749-F77A-4FF9-B88A-0A2E6B1B2F68} = {7DA152BD-95D5-4B3A-90B5-D0930C564172}
	EndGlobalSection
	GlobalSection(ExtensibilityGlobals) = postSolution
		SolutionGuid = {D5F7F366-0DA9-48DD-A2BC-05EF3353033C}
	EndGlobalSection
EndGlobal
